// !$*UTF8*$!
{
	archiveVersion = 1;
	classes = {
	};
	objectVersion = 48;
	objects = {

/* Begin PBXBuildFile section */
		483E418D1FB15AD4000AB5A0 /* AppDelegate.swift in Sources */ = {isa = PBXBuildFile; fileRef = 483E418C1FB15AD4000AB5A0 /* AppDelegate.swift */; };
		483E418F1FB15AD4000AB5A0 /* ViewController.swift in Sources */ = {isa = PBXBuildFile; fileRef = 483E418E1FB15AD4000AB5A0 /* ViewController.swift */; };
		483E41921FB15AD4000AB5A0 /* Main.storyboard in Resources */ = {isa = PBXBuildFile; fileRef = 483E41901FB15AD4000AB5A0 /* Main.storyboard */; };
		483E41941FB15AD4000AB5A0 /* Assets.xcassets in Resources */ = {isa = PBXBuildFile; fileRef = 483E41931FB15AD4000AB5A0 /* Assets.xcassets */; };
		483E41971FB15AD4000AB5A0 /* LaunchScreen.storyboard in Resources */ = {isa = PBXBuildFile; fileRef = 483E41951FB15AD4000AB5A0 /* LaunchScreen.storyboard */; };
		483E41A21FB15AD4000AB5A0 /* RainbowRoadTests.swift in Sources */ = {isa = PBXBuildFile; fileRef = 483E41A11FB15AD4000AB5A0 /* RainbowRoadTests.swift */; };
		483E41AD1FB15AD4000AB5A0 /* RainbowRoadUITests.swift in Sources */ = {isa = PBXBuildFile; fileRef = 483E41AC1FB15AD4000AB5A0 /* RainbowRoadUITests.swift */; };
/* End PBXBuildFile section */

/* Begin PBXContainerItemProxy section */
		483E419E1FB15AD4000AB5A0 /* PBXContainerItemProxy */ = {
			isa = PBXContainerItemProxy;
			containerPortal = 483E41811FB15AD4000AB5A0 /* Project object */;
			proxyType = 1;
			remoteGlobalIDString = 483E41881FB15AD4000AB5A0;
			remoteInfo = RainbowRoad;
		};
		483E41A91FB15AD4000AB5A0 /* PBXContainerItemProxy */ = {
			isa = PBXContainerItemProxy;
			containerPortal = 483E41811FB15AD4000AB5A0 /* Project object */;
			proxyType = 1;
			remoteGlobalIDString = 483E41881FB15AD4000AB5A0;
			remoteInfo = RainbowRoad;
		};
/* End PBXContainerItemProxy section */

/* Begin PBXFileReference section */
		483E41891FB15AD4000AB5A0 /* RainbowRoad.app */ = {isa = PBXFileReference; explicitFileType = wrapper.application; includeInIndex = 0; path = RainbowRoad.app; sourceTree = BUILT_PRODUCTS_DIR; };
		483E418C1FB15AD4000AB5A0 /* AppDelegate.swift */ = {isa = PBXFileReference; lastKnownFileType = sourcecode.swift; path = AppDelegate.swift; sourceTree = "<group>"; };
		483E418E1FB15AD4000AB5A0 /* ViewController.swift */ = {isa = PBXFileReference; lastKnownFileType = sourcecode.swift; path = ViewController.swift; sourceTree = "<group>"; };
		483E41911FB15AD4000AB5A0 /* Base */ = {isa = PBXFileReference; lastKnownFileType = file.storyboard; name = Base; path = Base.lproj/Main.storyboard; sourceTree = "<group>"; };
		483E41931FB15AD4000AB5A0 /* Assets.xcassets */ = {isa = PBXFileReference; lastKnownFileType = folder.assetcatalog; path = Assets.xcassets; sourceTree = "<group>"; };
		483E41961FB15AD4000AB5A0 /* Base */ = {isa = PBXFileReference; lastKnownFileType = file.storyboard; name = Base; path = Base.lproj/LaunchScreen.storyboard; sourceTree = "<group>"; };
		483E41981FB15AD4000AB5A0 /* Info.plist */ = {isa = PBXFileReference; lastKnownFileType = text.plist.xml; path = Info.plist; sourceTree = "<group>"; };
		483E419D1FB15AD4000AB5A0 /* RainbowRoadTests.xctest */ = {isa = PBXFileReference; explicitFileType = wrapper.cfbundle; includeInIndex = 0; path = RainbowRoadTests.xctest; sourceTree = BUILT_PRODUCTS_DIR; };
		483E41A11FB15AD4000AB5A0 /* RainbowRoadTests.swift */ = {isa = PBXFileReference; lastKnownFileType = sourcecode.swift; path = RainbowRoadTests.swift; sourceTree = "<group>"; };
		483E41A31FB15AD4000AB5A0 /* Info.plist */ = {isa = PBXFileReference; lastKnownFileType = text.plist.xml; path = Info.plist; sourceTree = "<group>"; };
		483E41A81FB15AD4000AB5A0 /* RainbowRoadUITests.xctest */ = {isa = PBXFileReference; explicitFileType = wrapper.cfbundle; includeInIndex = 0; path = RainbowRoadUITests.xctest; sourceTree = BUILT_PRODUCTS_DIR; };
		483E41AC1FB15AD4000AB5A0 /* RainbowRoadUITests.swift */ = {isa = PBXFileReference; lastKnownFileType = sourcecode.swift; path = RainbowRoadUITests.swift; sourceTree = "<group>"; };
		483E41AE1FB15AD4000AB5A0 /* Info.plist */ = {isa = PBXFileReference; lastKnownFileType = text.plist.xml; path = Info.plist; sourceTree = "<group>"; };
/* End PBXFileReference section */

/* Begin PBXFrameworksBuildPhase section */
		483E41861FB15AD4000AB5A0 /* Frameworks */ = {
			isa = PBXFrameworksBuildPhase;
			buildActionMask = 2147483647;
			files = (
			);
			runOnlyForDeploymentPostprocessing = 0;
		};
		483E419A1FB15AD4000AB5A0 /* Frameworks */ = {
			isa = PBXFrameworksBuildPhase;
			buildActionMask = 2147483647;
			files = (
			);
			runOnlyForDeploymentPostprocessing = 0;
		};
		483E41A51FB15AD4000AB5A0 /* Frameworks */ = {
			isa = PBXFrameworksBuildPhase;
			buildActionMask = 2147483647;
			files = (
			);
			runOnlyForDeploymentPostprocessing = 0;
		};
/* End PBXFrameworksBuildPhase section */

/* Begin PBXGroup section */
		483E41801FB15AD4000AB5A0 = {
			isa = PBXGroup;
			children = (
				483E418B1FB15AD4000AB5A0 /* RainbowRoad */,
				483E41A01FB15AD4000AB5A0 /* RainbowRoadTests */,
				483E41AB1FB15AD4000AB5A0 /* RainbowRoadUITests */,
				483E418A1FB15AD4000AB5A0 /* Products */,
			);
			sourceTree = "<group>";
		};
		483E418A1FB15AD4000AB5A0 /* Products */ = {
			isa = PBXGroup;
			children = (
				483E41891FB15AD4000AB5A0 /* RainbowRoad.app */,
				483E419D1FB15AD4000AB5A0 /* RainbowRoadTests.xctest */,
				483E41A81FB15AD4000AB5A0 /* RainbowRoadUITests.xctest */,
			);
			name = Products;
			sourceTree = "<group>";
		};
		483E418B1FB15AD4000AB5A0 /* RainbowRoad */ = {
			isa = PBXGroup;
			children = (
				483E418C1FB15AD4000AB5A0 /* AppDelegate.swift */,
				483E418E1FB15AD4000AB5A0 /* ViewController.swift */,
				483E41901FB15AD4000AB5A0 /* Main.storyboard */,
				483E41931FB15AD4000AB5A0 /* Assets.xcassets */,
				483E41951FB15AD4000AB5A0 /* LaunchScreen.storyboard */,
				483E41981FB15AD4000AB5A0 /* Info.plist */,
			);
			path = RainbowRoad;
			sourceTree = "<group>";
		};
		483E41A01FB15AD4000AB5A0 /* RainbowRoadTests */ = {
			isa = PBXGroup;
			children = (
				483E41A11FB15AD4000AB5A0 /* RainbowRoadTests.swift */,
				483E41A31FB15AD4000AB5A0 /* Info.plist */,
			);
			path = RainbowRoadTests;
			sourceTree = "<group>";
		};
		483E41AB1FB15AD4000AB5A0 /* RainbowRoadUITests */ = {
			isa = PBXGroup;
			children = (
				483E41AC1FB15AD4000AB5A0 /* RainbowRoadUITests.swift */,
				483E41AE1FB15AD4000AB5A0 /* Info.plist */,
			);
			path = RainbowRoadUITests;
			sourceTree = "<group>";
		};
/* End PBXGroup section */

/* Begin PBXNativeTarget section */
		483E41881FB15AD4000AB5A0 /* RainbowRoad */ = {
			isa = PBXNativeTarget;
			buildConfigurationList = 483E41B11FB15AD4000AB5A0 /* Build configuration list for PBXNativeTarget "RainbowRoad" */;
			buildPhases = (
				483E41851FB15AD4000AB5A0 /* Sources */,
				483E41861FB15AD4000AB5A0 /* Frameworks */,
				483E41871FB15AD4000AB5A0 /* Resources */,
			);
			buildRules = (
			);
			dependencies = (
			);
			name = RainbowRoad;
			productName = RainbowRoad;
			productReference = 483E41891FB15AD4000AB5A0 /* RainbowRoad.app */;
			productType = "com.apple.product-type.application";
		};
		483E419C1FB15AD4000AB5A0 /* RainbowRoadTests */ = {
			isa = PBXNativeTarget;
			buildConfigurationList = 483E41B41FB15AD4000AB5A0 /* Build configuration list for PBXNativeTarget "RainbowRoadTests" */;
			buildPhases = (
				483E41991FB15AD4000AB5A0 /* Sources */,
				483E419A1FB15AD4000AB5A0 /* Frameworks */,
				483E419B1FB15AD4000AB5A0 /* Resources */,
			);
			buildRules = (
			);
			dependencies = (
				483E419F1FB15AD4000AB5A0 /* PBXTargetDependency */,
			);
			name = RainbowRoadTests;
			productName = RainbowRoadTests;
			productReference = 483E419D1FB15AD4000AB5A0 /* RainbowRoadTests.xctest */;
			productType = "com.apple.product-type.bundle.unit-test";
		};
		483E41A71FB15AD4000AB5A0 /* RainbowRoadUITests */ = {
			isa = PBXNativeTarget;
			buildConfigurationList = 483E41B71FB15AD4000AB5A0 /* Build configuration list for PBXNativeTarget "RainbowRoadUITests" */;
			buildPhases = (
				483E41A41FB15AD4000AB5A0 /* Sources */,
				483E41A51FB15AD4000AB5A0 /* Frameworks */,
				483E41A61FB15AD4000AB5A0 /* Resources */,
			);
			buildRules = (
			);
			dependencies = (
				483E41AA1FB15AD4000AB5A0 /* PBXTargetDependency */,
			);
			name = RainbowRoadUITests;
			productName = RainbowRoadUITests;
			productReference = 483E41A81FB15AD4000AB5A0 /* RainbowRoadUITests.xctest */;
			productType = "com.apple.product-type.bundle.ui-testing";
		};
/* End PBXNativeTarget section */

/* Begin PBXProject section */
		483E41811FB15AD4000AB5A0 /* Project object */ = {
			isa = PBXProject;
			attributes = {
				LastSwiftUpdateCheck = 0910;
				LastUpgradeCheck = 0910;
				ORGANIZATIONNAME = "Jared K";
				TargetAttributes = {
					483E41881FB15AD4000AB5A0 = {
						CreatedOnToolsVersion = 9.1;
						ProvisioningStyle = Automatic;
					};
					483E419C1FB15AD4000AB5A0 = {
						CreatedOnToolsVersion = 9.1;
						ProvisioningStyle = Automatic;
						TestTargetID = 483E41881FB15AD4000AB5A0;
					};
					483E41A71FB15AD4000AB5A0 = {
						CreatedOnToolsVersion = 9.1;
						ProvisioningStyle = Automatic;
						TestTargetID = 483E41881FB15AD4000AB5A0;
					};
				};
			};
			buildConfigurationList = 483E41841FB15AD4000AB5A0 /* Build configuration list for PBXProject "RainbowRoad" */;
			compatibilityVersion = "Xcode 8.0";
			developmentRegion = en;
			hasScannedForEncodings = 0;
			knownRegions = (
				en,
				Base,
			);
			mainGroup = 483E41801FB15AD4000AB5A0;
			productRefGroup = 483E418A1FB15AD4000AB5A0 /* Products */;
			projectDirPath = "";
			projectRoot = "";
			targets = (
				483E41881FB15AD4000AB5A0 /* RainbowRoad */,
				483E419C1FB15AD4000AB5A0 /* RainbowRoadTests */,
				483E41A71FB15AD4000AB5A0 /* RainbowRoadUITests */,
			);
		};
/* End PBXProject section */

/* Begin PBXResourcesBuildPhase section */
		483E41871FB15AD4000AB5A0 /* Resources */ = {
			isa = PBXResourcesBuildPhase;
			buildActionMask = 2147483647;
			files = (
				483E41971FB15AD4000AB5A0 /* LaunchScreen.storyboard in Resources */,
				483E41941FB15AD4000AB5A0 /* Assets.xcassets in Resources */,
				483E41921FB15AD4000AB5A0 /* Main.storyboard in Resources */,
			);
			runOnlyForDeploymentPostprocessing = 0;
		};
		483E419B1FB15AD4000AB5A0 /* Resources */ = {
			isa = PBXResourcesBuildPhase;
			buildActionMask = 2147483647;
			files = (
			);
			runOnlyForDeploymentPostprocessing = 0;
		};
		483E41A61FB15AD4000AB5A0 /* Resources */ = {
			isa = PBXResourcesBuildPhase;
			buildActionMask = 2147483647;
			files = (
			);
			runOnlyForDeploymentPostprocessing = 0;
		};
/* End PBXResourcesBuildPhase section */

/* Begin PBXSourcesBuildPhase section */
		483E41851FB15AD4000AB5A0 /* Sources */ = {
			isa = PBXSourcesBuildPhase;
			buildActionMask = 2147483647;
			files = (
				483E418F1FB15AD4000AB5A0 /* ViewController.swift in Sources */,
				483E418D1FB15AD4000AB5A0 /* AppDelegate.swift in Sources */,
			);
			runOnlyForDeploymentPostprocessing = 0;
		};
		483E41991FB15AD4000AB5A0 /* Sources */ = {
			isa = PBXSourcesBuildPhase;
			buildActionMask = 2147483647;
			files = (
				483E41A21FB15AD4000AB5A0 /* RainbowRoadTests.swift in Sources */,
			);
			runOnlyForDeploymentPostprocessing = 0;
		};
		483E41A41FB15AD4000AB5A0 /* Sources */ = {
			isa = PBXSourcesBuildPhase;
			buildActionMask = 2147483647;
			files = (
				483E41AD1FB15AD4000AB5A0 /* RainbowRoadUITests.swift in Sources */,
			);
			runOnlyForDeploymentPostprocessing = 0;
		};
/* End PBXSourcesBuildPhase section */

/* Begin PBXTargetDependency section */
		483E419F1FB15AD4000AB5A0 /* PBXTargetDependency */ = {
			isa = PBXTargetDependency;
			target = 483E41881FB15AD4000AB5A0 /* RainbowRoad */;
			targetProxy = 483E419E1FB15AD4000AB5A0 /* PBXContainerItemProxy */;
		};
		483E41AA1FB15AD4000AB5A0 /* PBXTargetDependency */ = {
			isa = PBXTargetDependency;
			target = 483E41881FB15AD4000AB5A0 /* RainbowRoad */;
			targetProxy = 483E41A91FB15AD4000AB5A0 /* PBXContainerItemProxy */;
		};
/* End PBXTargetDependency section */

/* Begin PBXVariantGroup section */
		483E41901FB15AD4000AB5A0 /* Main.storyboard */ = {
			isa = PBXVariantGroup;
			children = (
				483E41911FB15AD4000AB5A0 /* Base */,
			);
			name = Main.storyboard;
			sourceTree = "<group>";
		};
		483E41951FB15AD4000AB5A0 /* LaunchScreen.storyboard */ = {
			isa = PBXVariantGroup;
			children = (
				483E41961FB15AD4000AB5A0 /* Base */,
			);
			name = LaunchScreen.storyboard;
			sourceTree = "<group>";
		};
/* End PBXVariantGroup section */

/* Begin XCBuildConfiguration section */
		483E41AF1FB15AD4000AB5A0 /* Debug */ = {
			isa = XCBuildConfiguration;
			buildSettings = {
				ALWAYS_SEARCH_USER_PATHS = NO;
				CLANG_ANALYZER_NONNULL = YES;
				CLANG_ANALYZER_NUMBER_OBJECT_CONVERSION = YES_AGGRESSIVE;
				CLANG_CXX_LANGUAGE_STANDARD = "gnu++14";
				CLANG_CXX_LIBRARY = "libc++";
				CLANG_ENABLE_MODULES = YES;
				CLANG_ENABLE_OBJC_ARC = YES;
				CLANG_WARN_BLOCK_CAPTURE_AUTORELEASING = YES;
				CLANG_WARN_BOOL_CONVERSION = YES;
				CLANG_WARN_COMMA = YES;
				CLANG_WARN_CONSTANT_CONVERSION = YES;
				CLANG_WARN_DIRECT_OBJC_ISA_USAGE = YES_ERROR;
				CLANG_WARN_DOCUMENTATION_COMMENTS = YES;
				CLANG_WARN_EMPTY_BODY = YES;
				CLANG_WARN_ENUM_CONVERSION = YES;
				CLANG_WARN_INFINITE_RECURSION = YES;
				CLANG_WARN_INT_CONVERSION = YES;
				CLANG_WARN_NON_LITERAL_NULL_CONVERSION = YES;
				CLANG_WARN_OBJC_LITERAL_CONVERSION = YES;
				CLANG_WARN_OBJC_ROOT_CLASS = YES_ERROR;
				CLANG_WARN_RANGE_LOOP_ANALYSIS = YES;
				CLANG_WARN_STRICT_PROTOTYPES = YES;
				CLANG_WARN_SUSPICIOUS_MOVE = YES;
				CLANG_WARN_UNGUARDED_AVAILABILITY = YES_AGGRESSIVE;
				CLANG_WARN_UNREACHABLE_CODE = YES;
				CLANG_WARN__DUPLICATE_METHOD_MATCH = YES;
				CODE_SIGN_IDENTITY = "iPhone Developer";
				COPY_PHASE_STRIP = NO;
				DEBUG_INFORMATION_FORMAT = dwarf;
				ENABLE_STRICT_OBJC_MSGSEND = YES;
				ENABLE_TESTABILITY = YES;
				GCC_C_LANGUAGE_STANDARD = gnu11;
				GCC_DYNAMIC_NO_PIC = NO;
				GCC_NO_COMMON_BLOCKS = YES;
				GCC_OPTIMIZATION_LEVEL = 0;
				GCC_PREPROCESSOR_DEFINITIONS = (
					"DEBUG=1",
					"$(inherited)",
				);
				GCC_WARN_64_TO_32_BIT_CONVERSION = YES;
				GCC_WARN_ABOUT_RETURN_TYPE = YES_ERROR;
				GCC_WARN_UNDECLARED_SELECTOR = YES;
				GCC_WARN_UNINITIALIZED_AUTOS = YES_AGGRESSIVE;
				GCC_WARN_UNUSED_FUNCTION = YES;
				GCC_WARN_UNUSED_VARIABLE = YES;
				IPHONEOS_DEPLOYMENT_TARGET = 11.1;
				MTL_ENABLE_DEBUG_INFO = YES;
				ONLY_ACTIVE_ARCH = YES;
				SDKROOT = iphoneos;
				SWIFT_ACTIVE_COMPILATION_CONDITIONS = DEBUG;
				SWIFT_OPTIMIZATION_LEVEL = "-Onone";
			};
			name = Debug;
		};
		483E41B01FB15AD4000AB5A0 /* Release */ = {
			isa = XCBuildConfiguration;
			buildSettings = {
				ALWAYS_SEARCH_USER_PATHS = NO;
				CLANG_ANALYZER_NONNULL = YES;
				CLANG_ANALYZER_NUMBER_OBJECT_CONVERSION = YES_AGGRESSIVE;
				CLANG_CXX_LANGUAGE_STANDARD = "gnu++14";
				CLANG_CXX_LIBRARY = "libc++";
				CLANG_ENABLE_MODULES = YES;
				CLANG_ENABLE_OBJC_ARC = YES;
				CLANG_WARN_BLOCK_CAPTURE_AUTORELEASING = YES;
				CLANG_WARN_BOOL_CONVERSION = YES;
				CLANG_WARN_COMMA = YES;
				CLANG_WARN_CONSTANT_CONVERSION = YES;
				CLANG_WARN_DIRECT_OBJC_ISA_USAGE = YES_ERROR;
				CLANG_WARN_DOCUMENTATION_COMMENTS = YES;
				CLANG_WARN_EMPTY_BODY = YES;
				CLANG_WARN_ENUM_CONVERSION = YES;
				CLANG_WARN_INFINITE_RECURSION = YES;
				CLANG_WARN_INT_CONVERSION = YES;
				CLANG_WARN_NON_LITERAL_NULL_CONVERSION = YES;
				CLANG_WARN_OBJC_LITERAL_CONVERSION = YES;
				CLANG_WARN_OBJC_ROOT_CLASS = YES_ERROR;
				CLANG_WARN_RANGE_LOOP_ANALYSIS = YES;
				CLANG_WARN_STRICT_PROTOTYPES = YES;
				CLANG_WARN_SUSPICIOUS_MOVE = YES;
				CLANG_WARN_UNGUARDED_AVAILABILITY = YES_AGGRESSIVE;
				CLANG_WARN_UNREACHABLE_CODE = YES;
				CLANG_WARN__DUPLICATE_METHOD_MATCH = YES;
				CODE_SIGN_IDENTITY = "iPhone Developer";
				COPY_PHASE_STRIP = NO;
				DEBUG_INFORMATION_FORMAT = "dwarf-with-dsym";
				ENABLE_NS_ASSERTIONS = NO;
				ENABLE_STRICT_OBJC_MSGSEND = YES;
				GCC_C_LANGUAGE_STANDARD = gnu11;
				GCC_NO_COMMON_BLOCKS = YES;
				GCC_WARN_64_TO_32_BIT_CONVERSION = YES;
				GCC_WARN_ABOUT_RETURN_TYPE = YES_ERROR;
				GCC_WARN_UNDECLARED_SELECTOR = YES;
				GCC_WARN_UNINITIALIZED_AUTOS = YES_AGGRESSIVE;
				GCC_WARN_UNUSED_FUNCTION = YES;
				GCC_WARN_UNUSED_VARIABLE = YES;
				IPHONEOS_DEPLOYMENT_TARGET = 11.1;
				MTL_ENABLE_DEBUG_INFO = NO;
				SDKROOT = iphoneos;
				SWIFT_OPTIMIZATION_LEVEL = "-Owholemodule";
				VALIDATE_PRODUCT = YES;
			};
			name = Release;
		};
		483E41B21FB15AD4000AB5A0 /* Debug */ = {
			isa = XCBuildConfiguration;
			buildSettings = {
				ASSETCATALOG_COMPILER_APPICON_NAME = AppIcon;
				CODE_SIGN_STYLE = Automatic;
				DEVELOPMENT_TEAM = UQA5S4Z2Z9;
				INFOPLIST_FILE = RainbowRoad/Info.plist;
				LD_RUNPATH_SEARCH_PATHS = "$(inherited) @executable_path/Frameworks";
				PRODUCT_BUNDLE_IDENTIFIER = CodingDojo.RainbowRoad;
				PRODUCT_NAME = "$(TARGET_NAME)";
				SWIFT_VERSION = 4.0;
				TARGETED_DEVICE_FAMILY = "1,2";
			};
			name = Debug;
		};
		483E41B31FB15AD4000AB5A0 /* Release */ = {
			isa = XCBuildConfiguration;
			buildSettings = {
				ASSETCATALOG_COMPILER_APPICON_NAME = AppIcon;
				CODE_SIGN_STYLE = Automatic;
				DEVELOPMENT_TEAM = UQA5S4Z2Z9;
				INFOPLIST_FILE = RainbowRoad/Info.plist;
				LD_RUNPATH_SEARCH_PATHS = "$(inherited) @executable_path/Frameworks";
				PRODUCT_BUNDLE_IDENTIFIER = CodingDojo.RainbowRoad;
				PRODUCT_NAME = "$(TARGET_NAME)";
				SWIFT_VERSION = 4.0;
				TARGETED_DEVICE_FAMILY = "1,2";
			};
			name = Release;
		};
		483E41B51FB15AD4000AB5A0 /* Debug */ = {
			isa = XCBuildConfiguration;
			buildSettings = {
				ALWAYS_EMBED_SWIFT_STANDARD_LIBRARIES = YES;
				BUNDLE_LOADER = "$(TEST_HOST)";
				CODE_SIGN_STYLE = Automatic;
				DEVELOPMENT_TEAM = UQA5S4Z2Z9;
				INFOPLIST_FILE = RainbowRoadTests/Info.plist;
				LD_RUNPATH_SEARCH_PATHS = "$(inherited) @executable_path/Frameworks @loader_path/Frameworks";
				PRODUCT_BUNDLE_IDENTIFIER = CodingDojo.RainbowRoadTests;
				PRODUCT_NAME = "$(TARGET_NAME)";
				SWIFT_VERSION = 4.0;
				TARGETED_DEVICE_FAMILY = "1,2";
				TEST_HOST = "$(BUILT_PRODUCTS_DIR)/RainbowRoad.app/RainbowRoad";
			};
			name = Debug;
		};
		483E41B61FB15AD4000AB5A0 /* Release */ = {
			isa = XCBuildConfiguration;
			buildSettings = {
				ALWAYS_EMBED_SWIFT_STANDARD_LIBRARIES = YES;
				BUNDLE_LOADER = "$(TEST_HOST)";
				CODE_SIGN_STYLE = Automatic;
				DEVELOPMENT_TEAM = UQA5S4Z2Z9;
				INFOPLIST_FILE = RainbowRoadTests/Info.plist;
				LD_RUNPATH_SEARCH_PATHS = "$(inherited) @executable_path/Frameworks @loader_path/Frameworks";
				PRODUCT_BUNDLE_IDENTIFIER = CodingDojo.RainbowRoadTests;
				PRODUCT_NAME = "$(TARGET_NAME)";
				SWIFT_VERSION = 4.0;
				TARGETED_DEVICE_FAMILY = "1,2";
				TEST_HOST = "$(BUILT_PRODUCTS_DIR)/RainbowRoad.app/RainbowRoad";
			};
			name = Release;
		};
		483E41B81FB15AD4000AB5A0 /* Debug */ = {
			isa = XCBuildConfiguration;
			buildSettings = {
				ALWAYS_EMBED_SWIFT_STANDARD_LIBRARIES = YES;
				CODE_SIGN_STYLE = Automatic;
				DEVELOPMENT_TEAM = UQA5S4Z2Z9;
				INFOPLIST_FILE = RainbowRoadUITests/Info.plist;
				LD_RUNPATH_SEARCH_PATHS = "$(inherited) @executable_path/Frameworks @loader_path/Frameworks";
				PRODUCT_BUNDLE_IDENTIFIER = CodingDojo.RainbowRoadUITests;
				PRODUCT_NAME = "$(TARGET_NAME)";
				SWIFT_VERSION = 4.0;
				TARGETED_DEVICE_FAMILY = "1,2";
				TEST_TARGET_NAME = RainbowRoad;
			};
			name = Debug;
		};
		483E41B91FB15AD4000AB5A0 /* Release */ = {
			isa = XCBuildConfiguration;
			buildSettings = {
				ALWAYS_EMBED_SWIFT_STANDARD_LIBRARIES = YES;
				CODE_SIGN_STYLE = Automatic;
				DEVELOPMENT_TEAM = UQA5S4Z2Z9;
				INFOPLIST_FILE = RainbowRoadUITests/Info.plist;
				LD_RUNPATH_SEARCH_PATHS = "$(inherited) @executable_path/Frameworks @loader_path/Frameworks";
				PRODUCT_BUNDLE_IDENTIFIER = CodingDojo.RainbowRoadUITests;
				PRODUCT_NAME = "$(TARGET_NAME)";
				SWIFT_VERSION = 4.0;
				TARGETED_DEVICE_FAMILY = "1,2";
				TEST_TARGET_NAME = RainbowRoad;
			};
			name = Release;
		};
/* End XCBuildConfiguration section */

/* Begin XCConfigurationList section */
		483E41841FB15AD4000AB5A0 /* Build configuration list for PBXProject "RainbowRoad" */ = {
			isa = XCConfigurationList;
			buildConfigurations = (
				483E41AF1FB15AD4000AB5A0 /* Debug */,
				483E41B01FB15AD4000AB5A0 /* Release */,
			);
			defaultConfigurationIsVisible = 0;
			defaultConfigurationName = Release;
		};
		483E41B11FB15AD4000AB5A0 /* Build configuration list for PBXNativeTarget "RainbowRoad" */ = {
			isa = XCConfigurationList;
			buildConfigurations = (
				483E41B21FB15AD4000AB5A0 /* Debug */,
				483E41B31FB15AD4000AB5A0 /* Release */,
			);
			defaultConfigurationIsVisible = 0;
			defaultConfigurationName = Release;
		};
		483E41B41FB15AD4000AB5A0 /* Build configuration list for PBXNativeTarget "RainbowRoadTests" */ = {
			isa = XCConfigurationList;
			buildConfigurations = (
				483E41B51FB15AD4000AB5A0 /* Debug */,
				483E41B61FB15AD4000AB5A0 /* Release */,
			);
			defaultConfigurationIsVisible = 0;
			defaultConfigurationName = Release;
		};
		483E41B71FB15AD4000AB5A0 /* Build configuration list for PBXNativeTarget "RainbowRoadUITests" */ = {
			isa = XCConfigurationList;
			buildConfigurations = (
				483E41B81FB15AD4000AB5A0 /* Debug */,
				483E41B91FB15AD4000AB5A0 /* Release */,
			);
			defaultConfigurationIsVisible = 0;
			defaultConfigurationName = Release;
		};
/* End XCConfigurationList section */
	};
	rootObject = 483E41811FB15AD4000AB5A0 /* Project object */;
}
